
Microsoft Visual Studio Solution File, Format Version 12.00
# Visual Studio Version 16
VisualStudioVersion = 16.0.29009.5
MinimumVisualStudioVersion = 10.0.40219.1
Project("{FAE04EC0-301F-11D3-BF4B-00C04F79EFBC}") = "CoreMVVM.Windows", "CoreMVVM.Windows\CoreMVVM.Windows.csproj", "{86A8452A-2769-4CBB-ACCF-20AB1C57D7A7}"
EndProject
Project("{FAE04EC0-301F-11D3-BF4B-00C04F79EFBC}") = "CoreMVVM.Demo", "CoreMVVM.Demo\CoreMVVM.Demo.csproj", "{2A924409-DDDC-4ADE-BB77-29B8772E1F87}"
EndProject
Project("{9A19103F-16F7-4668-BE54-9A1E7A4F7556}") = "CoreMVVM", "CoreMVVM\CoreMVVM.csproj", "{9528F63C-66E9-474A-93FE-2BE693B75DDD}"
EndProject
Project("{2150E333-8FDC-42A3-9474-1A3956D46DE8}") = "Tests", "Tests", "{DFAF0354-4F12-462B-A888-6A5EC1CAB08D}"
EndProject
Project("{FAE04EC0-301F-11D3-BF4B-00C04F79EFBC}") = "CoreMVVM.Tests", "Tests\CoreMVVM.Tests\CoreMVVM.Tests.csproj", "{EA3E8E36-1928-4395-AFED-89FA0864AB4A}"
EndProject
Project("{FAE04EC0-301F-11D3-BF4B-00C04F79EFBC}") = "CoreMVVM.Windows.Tests", "Tests\CoreMVVM.Windows.Tests\CoreMVVM.Windows.Tests.csproj", "{BE8F5239-0EB0-4195-A6A7-E30C8244B400}"
EndProject
Global
	GlobalSection(SolutionConfigurationPlatforms) = preSolution
		Debug|Any CPU = Debug|Any CPU
		Release|Any CPU = Release|Any CPU
	EndGlobalSection
	GlobalSection(ProjectConfigurationPlatforms) = postSolution
		{86A8452A-2769-4CBB-ACCF-20AB1C57D7A7}.Debug|Any CPU.ActiveCfg = Debug|Any CPU
		{86A8452A-2769-4CBB-ACCF-20AB1C57D7A7}.Debug|Any CPU.Build.0 = Debug|Any CPU
		{86A8452A-2769-4CBB-ACCF-20AB1C57D7A7}.Release|Any CPU.ActiveCfg = Release|Any CPU
		{86A8452A-2769-4CBB-ACCF-20AB1C57D7A7}.Release|Any CPU.Build.0 = Release|Any CPU
		{2A924409-DDDC-4ADE-BB77-29B8772E1F87}.Debug|Any CPU.ActiveCfg = Debug|Any CPU
		{2A924409-DDDC-4ADE-BB77-29B8772E1F87}.Debug|Any CPU.Build.0 = Debug|Any CPU
		{2A924409-DDDC-4ADE-BB77-29B8772E1F87}.Release|Any CPU.ActiveCfg = Release|Any CPU
		{2A924409-DDDC-4ADE-BB77-29B8772E1F87}.Release|Any CPU.Build.0 = Release|Any CPU
		{9528F63C-66E9-474A-93FE-2BE693B75DDD}.Debug|Any CPU.ActiveCfg = Debug|Any CPU
		{9528F63C-66E9-474A-93FE-2BE693B75DDD}.Debug|Any CPU.Build.0 = Debug|Any CPU
		{9528F63C-66E9-474A-93FE-2BE693B75DDD}.Release|Any CPU.ActiveCfg = Release|Any CPU
		{9528F63C-66E9-474A-93FE-2BE693B75DDD}.Release|Any CPU.Build.0 = Release|Any CPU
		{EA3E8E36-1928-4395-AFED-89FA0864AB4A}.Debug|Any CPU.ActiveCfg = Debug|Any CPU
		{EA3E8E36-1928-4395-AFED-89FA0864AB4A}.Debug|Any CPU.Build.0 = Debug|Any CPU
		{EA3E8E36-1928-4395-AFED-89FA0864AB4A}.Release|Any CPU.ActiveCfg = Release|Any CPU
		{EA3E8E36-1928-4395-AFED-89FA0864AB4A}.Release|Any CPU.Build.0 = Release|Any CPU
		{BE8F5239-0EB0-4195-A6A7-E30C8244B400}.Debug|Any CPU.ActiveCfg = Debug|Any CPU
		{BE8F5239-0EB0-4195-A6A7-E30C8244B400}.Debug|Any CPU.Build.0 = Debug|Any CPU
		{BE8F5239-0EB0-4195-A6A7-E30C8244B400}.Release|Any CPU.ActiveCfg = Release|Any CPU
		{BE8F5239-0EB0-4195-A6A7-E30C8244B400}.Release|Any CPU.Build.0 = Release|Any CPU
	EndGlobalSection
	GlobalSection(SolutionProperties) = preSolution
		HideSolutionNode = FALSE
	EndGlobalSection
	GlobalSection(NestedProjects) = preSolution
		{EA3E8E36-1928-4395-AFED-89FA0864AB4A} = {DFAF0354-4F12-462B-A888-6A5EC1CAB08D}
		{BE8F5239-0EB0-4195-A6A7-E30C8244B400} = {DFAF0354-4F12-462B-A888-6A5EC1CAB08D}
	EndGlobalSection
	GlobalSection(ExtensibilityGlobals) = postSolution
		SolutionGuid = {6A2B0EAC-3B52-40DC-B12D-E8EA615C3864}
	EndGlobalSection
EndGlobal
