
Microsoft Visual Studio Solution File, Format Version 12.00
# Visual Studio Version 16
VisualStudioVersion = 16.0.29009.5
MinimumVisualStudioVersion = 10.0.40219.1
Project("{9A19103F-16F7-4668-BE54-9A1E7A4F7556}") = "CoreMVVM", "CoreMVVM\CoreMVVM.csproj", "{9528F63C-66E9-474A-93FE-2BE693B75DDD}"
EndProject
Project("{2150E333-8FDC-42A3-9474-1A3956D46DE8}") = "Tests", "Tests", "{DFAF0354-4F12-462B-A888-6A5EC1CAB08D}"
EndProject
Project("{9A19103F-16F7-4668-BE54-9A1E7A4F7556}") = "CoreMVVM.Tests", "tests\CoreMVVM.Tests\CoreMVVM.Tests.csproj", "{A25715D1-B936-4ABD-9AA2-85B4B464C8C1}"
EndProject
Project("{9A19103F-16F7-4668-BE54-9A1E7A4F7556}") = "CoreMVVM.Windows", "CoreMVVM.Windows\CoreMVVM.Windows.csproj", "{AA514477-AC1E-4E5F-B33F-7F07BF467058}"
EndProject
Project("{9A19103F-16F7-4668-BE54-9A1E7A4F7556}") = "CoreMVVM.Windows.Tests", "Tests\CoreMVVM.Windows.Tests\CoreMVVM.Windows.Tests.csproj", "{2012E610-4AC2-42A4-834E-51C5813151D6}"
EndProject
Project("{9A19103F-16F7-4668-BE54-9A1E7A4F7556}") = "CoreMVVM.Extensions.DependencyInjection", "CoreMVVM.Extensions.DependencyInjection\CoreMVVM.Extensions.DependencyInjection.csproj", "{4B6E1A21-18BC-4504-A774-5279F11AB208}"
EndProject
Global
	GlobalSection(SolutionConfigurationPlatforms) = preSolution
		Debug|Any CPU = Debug|Any CPU
		Release|Any CPU = Release|Any CPU
	EndGlobalSection
	GlobalSection(ProjectConfigurationPlatforms) = postSolution
		{9528F63C-66E9-474A-93FE-2BE693B75DDD}.Debug|Any CPU.ActiveCfg = Debug|Any CPU
		{9528F63C-66E9-474A-93FE-2BE693B75DDD}.Debug|Any CPU.Build.0 = Debug|Any CPU
		{9528F63C-66E9-474A-93FE-2BE693B75DDD}.Release|Any CPU.ActiveCfg = Release|Any CPU
		{9528F63C-66E9-474A-93FE-2BE693B75DDD}.Release|Any CPU.Build.0 = Release|Any CPU
		{A25715D1-B936-4ABD-9AA2-85B4B464C8C1}.Debug|Any CPU.ActiveCfg = Debug|Any CPU
		{A25715D1-B936-4ABD-9AA2-85B4B464C8C1}.Debug|Any CPU.Build.0 = Debug|Any CPU
		{A25715D1-B936-4ABD-9AA2-85B4B464C8C1}.Release|Any CPU.ActiveCfg = Release|Any CPU
		{A25715D1-B936-4ABD-9AA2-85B4B464C8C1}.Release|Any CPU.Build.0 = Release|Any CPU
		{AA514477-AC1E-4E5F-B33F-7F07BF467058}.Debug|Any CPU.ActiveCfg = Debug|Any CPU
		{AA514477-AC1E-4E5F-B33F-7F07BF467058}.Debug|Any CPU.Build.0 = Debug|Any CPU
		{AA514477-AC1E-4E5F-B33F-7F07BF467058}.Release|Any CPU.ActiveCfg = Release|Any CPU
		{AA514477-AC1E-4E5F-B33F-7F07BF467058}.Release|Any CPU.Build.0 = Release|Any CPU
		{2012E610-4AC2-42A4-834E-51C5813151D6}.Debug|Any CPU.ActiveCfg = Debug|Any CPU
		{2012E610-4AC2-42A4-834E-51C5813151D6}.Debug|Any CPU.Build.0 = Debug|Any CPU
		{2012E610-4AC2-42A4-834E-51C5813151D6}.Release|Any CPU.ActiveCfg = Release|Any CPU
		{2012E610-4AC2-42A4-834E-51C5813151D6}.Release|Any CPU.Build.0 = Release|Any CPU
		{4B6E1A21-18BC-4504-A774-5279F11AB208}.Debug|Any CPU.ActiveCfg = Debug|Any CPU
		{4B6E1A21-18BC-4504-A774-5279F11AB208}.Debug|Any CPU.Build.0 = Debug|Any CPU
		{4B6E1A21-18BC-4504-A774-5279F11AB208}.Release|Any CPU.ActiveCfg = Release|Any CPU
		{4B6E1A21-18BC-4504-A774-5279F11AB208}.Release|Any CPU.Build.0 = Release|Any CPU
	EndGlobalSection
	GlobalSection(SolutionProperties) = preSolution
		HideSolutionNode = FALSE
	EndGlobalSection
	GlobalSection(NestedProjects) = preSolution
		{A25715D1-B936-4ABD-9AA2-85B4B464C8C1} = {DFAF0354-4F12-462B-A888-6A5EC1CAB08D}
		{2012E610-4AC2-42A4-834E-51C5813151D6} = {DFAF0354-4F12-462B-A888-6A5EC1CAB08D}
	EndGlobalSection
	GlobalSection(ExtensibilityGlobals) = postSolution
		SolutionGuid = {6A2B0EAC-3B52-40DC-B12D-E8EA615C3864}
	EndGlobalSection
EndGlobal
